# THIS IS AN AUTOGENERATED FILE. DO NOT EDIT THIS FILE DIRECTLY.
# yarn lockfile v1


"@c1aa56/pkg-a@^0.4.1-next.0":
  version "0.4.1-next.0"
  resolved "https://registry.yarnpkg.com/@c1aa56/pkg-a/-/pkg-a-0.4.1-next.0.tgz#d251d3f2451ec0540cfc4570731fc0ab6cebd6ca"
  integrity sha512-82Z6otPQusTblNRACO64p5D3itimrZCyd4738RJtwfRorhaQxg+fUCr5K9T1xIrDtT51r48fLB6IgrAdExQOPw==
  dependencies:
    "@c1aa56/pkg-f" "^0.4.1-next.0"

"@c1aa56/pkg-b@^0.4.1-next.0":
  version "0.4.1-next.0"
  resolved "https://registry.yarnpkg.com/@c1aa56/pkg-b/-/pkg-b-0.4.1-next.0.tgz#da66b5610ab21277c60398b9a08bce8e4aeaa29a"
  integrity sha512-M2jCPDQml2U2/yFsbGlObUzzqWohVE5wcdmM49Kpc7jQEoS+LQMkHf6/7u/BWlohh4M0kZ+fJ/qK6VpecFAypg==
  dependencies:
    "@c1aa56/pkg-c" "^0.4.1-next.0"
    "@c1aa56/pkg-d" "^0.4.1-next.0"
    "@c1aa56/pkg-e" "^0.4.1-next.0"

"@c1aa56/pkg-c@^0.4.1-next.0":
  version "0.4.1-next.0"
  resolved "https://registry.yarnpkg.com/@c1aa56/pkg-c/-/pkg-c-0.4.1-next.0.tgz#eeb0c70630196966c6895bea4e05e2f1b6d5e958"
  integrity sha512-fQgpQTgTDzSv+LOdO8TGZ3xjSbd2xpLo3rlHe1XtZ0mXSNBtndeoCVZCaddC1NT/XRsmMdmiyEzLL/OqaReZIA==

"@c1aa56/pkg-d@^0.4.1-next.0":
  version "0.4.1-next.0"
  resolved "https://registry.yarnpkg.com/@c1aa56/pkg-d/-/pkg-d-0.4.1-next.0.tgz#eeb5c2b157f360f624f16dbe372cd1a420cf0d30"
  integrity sha512-1uzMUxJDFAj2gZQUy87hos/oXlJv/2k5RzcM6uokl8LOEuBQe8KzMxk1R6/qOiQkg5l4DnOuLfSf/N62UzQPhQ==
  dependencies:
    "@c1aa56/pkg-a" "^0.4.1-next.0"
    "@c1aa56/pkg-e" "^0.4.1-next.0"
    "@c1aa56/pkg-f" "^0.4.1-next.0"

"@c1aa56/pkg-e@^0.4.1-next.0":
  version "0.4.1-next.0"
  resolved "https://registry.yarnpkg.com/@c1aa56/pkg-e/-/pkg-e-0.4.1-next.0.tgz#3bdd5483dac6e7e01140bc65b0f073827b2c2f93"
  integrity sha512-F/FB6zMekIjD//CrGlKdF2PJWYtKaRxsi/xumn080ffUcKkxCARmAddNMVPwAsWjr9846KceGStQhBLNXW29+A==

"@c1aa56/pkg-f@^0.4.1-next.0":
  version "0.4.1-next.0"
  resolved "https://registry.yarnpkg.com/@c1aa56/pkg-f/-/pkg-f-0.4.1-next.0.tgz#260c515a1a72354d7fe65fb3400bd113a509b31b"
  integrity sha512-sZqRHK9JAYj2FJuHrYXNjPpue+fgqreJBRn3wuM20uuQn12OH44rv0VRwueAxjtkO4rvSkXXVuCKnHPJ6+Lm3Q==
