# THIS IS AN AUTOGENERATED FILE. DO NOT EDIT THIS FILE DIRECTLY.
# yarn lockfile v1


"@c1aa56/pkg-a@^0.4.2-next.0":
  version "0.4.2-next.0"
  resolved "https://registry.yarnpkg.com/@c1aa56/pkg-a/-/pkg-a-0.4.2-next.0.tgz#90e1d28c394d00643afac4e8993221706054a0fb"
  integrity sha512-Dic6a4JcaNc2n56y7W9twvJ4TCinIn2RnH8Pj1rhkKW8RvvgqDDLuRJ6MOHia9ZE+HrXYtK/ZGcwKSKnI2V1LA==
  dependencies:
    "@c1aa56/pkg-f" "^0.4.2-next.0"

"@c1aa56/pkg-b@^0.4.2-next.0":
  version "0.4.2-next.0"
  resolved "https://registry.yarnpkg.com/@c1aa56/pkg-b/-/pkg-b-0.4.2-next.0.tgz#1ba8b4ea35c253eae301109ae82f7f4deaa0b06f"
  integrity sha512-aYx7lVXGCaOQuyaADmwctRo78HPfnRQaTAiW/gn3RqRCoHsl0zV2KvwSf7i89glPXqIrL715u9l6/+zaqSRVBA==
  dependencies:
    "@c1aa56/pkg-c" "^0.4.2-next.0"
    "@c1aa56/pkg-d" "^0.4.2-next.0"
    "@c1aa56/pkg-e" "^0.4.2-next.0"

"@c1aa56/pkg-c@^0.4.2-next.0":
  version "0.4.2-next.0"
  resolved "https://registry.yarnpkg.com/@c1aa56/pkg-c/-/pkg-c-0.4.2-next.0.tgz#d2591a5c6b4df202d40d308d9742d69f13ce7edc"
  integrity sha512-zYw7Wt1iiVfnRFOB7htMLzzskraeQh11fBkgL3x28CcnBBZQ/17PHevnGELhjyZn7/md16kCJg9mjs5hG6cx5w==

"@c1aa56/pkg-d@^0.4.2-next.0":
  version "0.4.2-next.0"
  resolved "https://registry.yarnpkg.com/@c1aa56/pkg-d/-/pkg-d-0.4.2-next.0.tgz#15499a0076b2b5947f842025298dc1b965b2f5ca"
  integrity sha512-3XBN1n4lb9zMQpFtxwWRIxcGXW4UWC7TUf8aJjl4ftGuEzlUfW4FpK8AD+o7YpV+vCLsan5xR7mQLVtNj2jdIg==
  dependencies:
    "@c1aa56/pkg-a" "^0.4.2-next.0"
    "@c1aa56/pkg-e" "^0.4.2-next.0"
    "@c1aa56/pkg-f" "^0.4.2-next.0"

"@c1aa56/pkg-e@^0.4.2-next.0":
  version "0.4.2-next.0"
  resolved "https://registry.yarnpkg.com/@c1aa56/pkg-e/-/pkg-e-0.4.2-next.0.tgz#c92393fb44c969d4f2eddc43f6b8726263fe6a46"
  integrity sha512-BLJDfo7lZ+dON7hk5/g87OaIn3CLOrBsYaQMNwnrRrXQo/ZFXZHA6SH1rTODSZLlyVDpNxvD+7BrzKAFlq1BaA==
  dependencies:
    "@c1aa56/pkg-c" "^0.4.2-next.0"
    "@c1aa56/pkg-f" "^0.4.2-next.0"

"@c1aa56/pkg-f@^0.4.2-next.0":
  version "0.4.2-next.0"
  resolved "https://registry.yarnpkg.com/@c1aa56/pkg-f/-/pkg-f-0.4.2-next.0.tgz#e14e95efe1034e70af66cf98d4018d410cb20c72"
  integrity sha512-oJz3m9l6+k5CUObxM09MiRezTRpQ6kHDCLhPKtRlG8e3Y1l6LZlmIwXn+DACUed9egUPDa4Uqvn1aXV9Oy+MZA==

asap@~2.0.6:
  version "2.0.6"
  resolved "https://registry.yarnpkg.com/asap/-/asap-2.0.6.tgz#e50347611d7e690943208bbdafebcbc2fb866d46"
  integrity sha1-5QNHYR1+aQlDIIu9r+vLwvuGbUY=

core-js@^3.9.0:
  version "3.16.4"
  resolved "https://registry.yarnpkg.com/core-js/-/core-js-3.16.4.tgz#0fb1029a554fc2688c0963d7c900e188188a78e0"
  integrity sha512-Tq4GVE6XCjE+hcyW6hPy0ofN3hwtLudz5ZRdrlCnsnD/xkm/PWQRudzYHiKgZKUcefV6Q57fhDHjZHJP5dpfSg==

object-assign@^4.1.1:
  version "4.1.1"
  resolved "https://registry.yarnpkg.com/object-assign/-/object-assign-4.1.1.tgz#2109adc7965887cfc05cbbd442cac8bfbb360863"
  integrity sha1-IQmtx5ZYh8/AXLvUQsrIv7s2CGM=

promise@^8.1.0:
  version "8.1.0"
  resolved "https://registry.yarnpkg.com/promise/-/promise-8.1.0.tgz#697c25c3dfe7435dd79fcd58c38a135888eaf05e"
  integrity sha512-W04AqnILOL/sPRXziNicCjSNRruLAuIHEOVBazepu0545DDNGYHz7ar9ZgZ1fMU8/MA4mVxp5rkBWRi6OXIy3Q==
  dependencies:
    asap "~2.0.6"

tslib@^2.3.1:
  version "2.3.1"
  resolved "https://registry.yarnpkg.com/tslib/-/tslib-2.3.1.tgz#e8a335add5ceae51aa261d32a490158ef042ef01"
  integrity sha512-77EbyPPpMz+FRFRuAFlWMtmgUWGe9UOG2Z25NqCwiIjRhOf5iKGuzSe5P2w1laq+FkRy4p+PCuVkJSGkzTEKVw==
