# THIS IS AN AUTOGENERATED FILE. DO NOT EDIT THIS FILE DIRECTLY.
# yarn lockfile v1


"@c1aa56/pkg-a@^0.3.0":
  version "0.3.0"
  resolved "https://registry.yarnpkg.com/@c1aa56/pkg-a/-/pkg-a-0.3.0.tgz#29eff69d34a22af0322a23d719e002179a830bbf"
  integrity sha512-lDnNrPtLiYbSvZW1H6iqU3HXto5AivquwueTmjEnJ6VZWpS6Jub3vYnTZpS/UCzjezqzOOtnzy2dpoCOUqwcdA==
  dependencies:
    "@c1aa56/pkg-f" "^0.3.0"

"@c1aa56/pkg-b@^0.3.0":
  version "0.3.0"
  resolved "https://registry.yarnpkg.com/@c1aa56/pkg-b/-/pkg-b-0.3.0.tgz#b3196ee62ff2fa673b9b31fa18a6e1aa4cb8ec7a"
  integrity sha512-NShCj6a/xPgQam/p8BFgPKESEin6SdG8B7dUYJTXsVRGAze6uPmPHkdwIBc+LEoIzyWIYfAmypTZRKCTIan/aA==
  dependencies:
    "@c1aa56/pkg-c" "^0.3.0"
    "@c1aa56/pkg-d" "^0.3.0"

"@c1aa56/pkg-c@^0.3.0":
  version "0.3.0"
  resolved "https://registry.yarnpkg.com/@c1aa56/pkg-c/-/pkg-c-0.3.0.tgz#11bfdfbbe7947757d8d9d7bd2cecf6b4e033d582"
  integrity sha512-GmppRHHGAvZdET2yVAE9cyYhk2HzQKszkiuviLR8IqrTJhBkhNt50y8R/bPEy3S3cLyOq6ZXn5haPYJxKVH1xA==

"@c1aa56/pkg-d@^0.3.0":
  version "0.3.0"
  resolved "https://registry.yarnpkg.com/@c1aa56/pkg-d/-/pkg-d-0.3.0.tgz#7dbf320d4b56feb31fc48ff192304d3abd2b7a1e"
  integrity sha512-23BhE1hEZjERM8oFQPfEaIHKsXdZ5TcXitvhAhxZIwXN17lGvVW3lO1ZgiIgNbyFbl/EAYtBp6C1rxCxoJ+J5g==
  dependencies:
    "@c1aa56/pkg-e" "^0.3.0"
    "@c1aa56/pkg-f" "^0.3.0"

"@c1aa56/pkg-e@^0.3.0":
  version "0.3.0"
  resolved "https://registry.yarnpkg.com/@c1aa56/pkg-e/-/pkg-e-0.3.0.tgz#294ebd56e40d34bdd6b7867b69a3c9e4f6d2093d"
  integrity sha512-HopUmEMwLaWYe9A90G9ezHQb+zc2Qr8kmJ1dPVChDqGWNTKiG1cxTdN3QziD/DnAsIxei3njeL9WMKDqAGAdrQ==

"@c1aa56/pkg-f@^0.3.0":
  version "0.3.0"
  resolved "https://registry.yarnpkg.com/@c1aa56/pkg-f/-/pkg-f-0.3.0.tgz#0119306eb8c9998de6eedbb463fc0c773d6181bb"
  integrity sha512-hRzDCDBfeAeS8x5lT2MqX4Vpm9nvIAkPn0DLUghw1p3BR71r8tJmP/ARS4+NEHMJ91uJRvSsjNONhK0Tb+WOfw==
